
Microsoft Visual Studio Solution File, Format Version 12.00
# Visual Studio 15
Project("{FAE04EC0-301F-11D3-BF4B-00C04F79EFBC}") = "SteamVR", "SteamVR.csproj", "{E8220D53-B74C-4F7D-3BA6-BDD3B5522317}"
EndProject
Project("{FAE04EC0-301F-11D3-BF4B-00C04F79EFBC}") = "Assembly-CSharp", "Assembly-CSharp.csproj", "{7264BB50-64A8-5798-4B0E-B565D8946CA2}"
EndProject
Project("{FAE04EC0-301F-11D3-BF4B-00C04F79EFBC}") = "SteamVR_Actions", "SteamVR_Actions.csproj", "{2673B13E-00C8-6217-E056-B8F28D30F8CA}"
EndProject
Project("{FAE04EC0-301F-11D3-BF4B-00C04F79EFBC}") = "SteamVR_Editor", "SteamVR_Editor.csproj", "{FEED117D-225E-C6C9-51ED-919D3D61F680}"
EndProject
Project("{FAE04EC0-301F-11D3-BF4B-00C04F79EFBC}") = "Assembly-CSharp-Editor", "Assembly-CSharp-Editor.csproj", "{9640140C-7767-59AF-22EC-002E4B112302}"
EndProject
Project("{FAE04EC0-301F-11D3-BF4B-00C04F79EFBC}") = "SteamVR_Input_Editor", "SteamVR_Input_Editor.csproj", "{7832F6E7-1FD8-E282-3D90-E19673EA314B}"
EndProject
Project("{FAE04EC0-301F-11D3-BF4B-00C04F79EFBC}") = "SteamVR_Windows_EditorHelper", "SteamVR_Windows_EditorHelper.csproj", "{6E37C830-7BFF-0DC5-EA58-EBA1EC3C4FF4}"
EndProject
Global
	GlobalSection(SolutionConfigurationPlatforms) = preSolution
		Debug|Any CPU = Debug|Any CPU
		Release|Any CPU = Release|Any CPU
	EndGlobalSection
	GlobalSection(ProjectConfigurationPlatforms) = postSolution
		{E8220D53-B74C-4F7D-3BA6-BDD3B5522317}.Debug|Any CPU.ActiveCfg = Debug|Any CPU
		{E8220D53-B74C-4F7D-3BA6-BDD3B5522317}.Debug|Any CPU.Build.0 = Debug|Any CPU
		{E8220D53-B74C-4F7D-3BA6-BDD3B5522317}.Release|Any CPU.ActiveCfg = Release|Any CPU
		{E8220D53-B74C-4F7D-3BA6-BDD3B5522317}.Release|Any CPU.Build.0 = Release|Any CPU
		{7264BB50-64A8-5798-4B0E-B565D8946CA2}.Debug|Any CPU.ActiveCfg = Debug|Any CPU
		{7264BB50-64A8-5798-4B0E-B565D8946CA2}.Debug|Any CPU.Build.0 = Debug|Any CPU
		{7264BB50-64A8-5798-4B0E-B565D8946CA2}.Release|Any CPU.ActiveCfg = Release|Any CPU
		{7264BB50-64A8-5798-4B0E-B565D8946CA2}.Release|Any CPU.Build.0 = Release|Any CPU
		{2673B13E-00C8-6217-E056-B8F28D30F8CA}.Debug|Any CPU.ActiveCfg = Debug|Any CPU
		{2673B13E-00C8-6217-E056-B8F28D30F8CA}.Debug|Any CPU.Build.0 = Debug|Any CPU
		{2673B13E-00C8-6217-E056-B8F28D30F8CA}.Release|Any CPU.ActiveCfg = Release|Any CPU
		{2673B13E-00C8-6217-E056-B8F28D30F8CA}.Release|Any CPU.Build.0 = Release|Any CPU
		{FEED117D-225E-C6C9-51ED-919D3D61F680}.Debug|Any CPU.ActiveCfg = Debug|Any CPU
		{FEED117D-225E-C6C9-51ED-919D3D61F680}.Debug|Any CPU.Build.0 = Debug|Any CPU
		{FEED117D-225E-C6C9-51ED-919D3D61F680}.Release|Any CPU.ActiveCfg = Release|Any CPU
		{FEED117D-225E-C6C9-51ED-919D3D61F680}.Release|Any CPU.Build.0 = Release|Any CPU
		{9640140C-7767-59AF-22EC-002E4B112302}.Debug|Any CPU.ActiveCfg = Debug|Any CPU
		{9640140C-7767-59AF-22EC-002E4B112302}.Debug|Any CPU.Build.0 = Debug|Any CPU
		{9640140C-7767-59AF-22EC-002E4B112302}.Release|Any CPU.ActiveCfg = Release|Any CPU
		{9640140C-7767-59AF-22EC-002E4B112302}.Release|Any CPU.Build.0 = Release|Any CPU
		{7832F6E7-1FD8-E282-3D90-E19673EA314B}.Debug|Any CPU.ActiveCfg = Debug|Any CPU
		{7832F6E7-1FD8-E282-3D90-E19673EA314B}.Debug|Any CPU.Build.0 = Debug|Any CPU
		{7832F6E7-1FD8-E282-3D90-E19673EA314B}.Release|Any CPU.ActiveCfg = Release|Any CPU
		{7832F6E7-1FD8-E282-3D90-E19673EA314B}.Release|Any CPU.Build.0 = Release|Any CPU
		{6E37C830-7BFF-0DC5-EA58-EBA1EC3C4FF4}.Debug|Any CPU.ActiveCfg = Debug|Any CPU
		{6E37C830-7BFF-0DC5-EA58-EBA1EC3C4FF4}.Debug|Any CPU.Build.0 = Debug|Any CPU
		{6E37C830-7BFF-0DC5-EA58-EBA1EC3C4FF4}.Release|Any CPU.ActiveCfg = Release|Any CPU
		{6E37C830-7BFF-0DC5-EA58-EBA1EC3C4FF4}.Release|Any CPU.Build.0 = Release|Any CPU
	EndGlobalSection
	GlobalSection(SolutionProperties) = preSolution
		HideSolutionNode = FALSE
	EndGlobalSection
EndGlobal
